{
  "name": "@telemok/bitdataview",
  "version": "0.0.1",
  "lockfileVersion": 2,
  "requires": true,
  "packages": {
    "": {
      "name": "@telemok/bitdataview",
      "version": "0.0.1",
      "license": "Apache-2.0",
      "dependencies": {
        "@telemok/valda": "^0.0.5"
      }
    },
    "node_modules/@telemok/valda": {
      "version": "0.0.5",
      "resolved": "https://registry.npmjs.org/@telemok/valda/-/valda-0.0.5.tgz",
      "integrity": "sha512-6kn5tVY7KtFDqdKuPL6liHembYMbmvi/SfQwIbWhfsBbvetVQqO2tQZSamdBQK+NGIp3gQcfFzKmX1dIFF6v8A=="
    }
  },
  "dependencies": {
    "@telemok/valda": {
      "version": "0.0.5",
      "resolved": "https://registry.npmjs.org/@telemok/valda/-/valda-0.0.5.tgz",
      "integrity": "sha512-6kn5tVY7KtFDqdKuPL6liHembYMbmvi/SfQwIbWhfsBbvetVQqO2tQZSamdBQK+NGIp3gQcfFzKmX1dIFF6v8A=="
    }
  }
}
